
Microsoft Visual Studio Solution File, Format Version 12.00
# Visual Studio Version 16
VisualStudioVersion = 25.0.1706.0
MinimumVisualStudioVersion = 10.0.40219.1
Project("{FAE04EC0-301F-11D3-BF4B-00C04F79EFBC}") = "SnakeLadderProblem", "SnakeLadderProblem\SnakeLadderProblem.csproj", "{2572D517-6108-4568-9918-3FCD986C9477}"
EndProject
Global
	GlobalSection(SolutionConfigurationPlatforms) = preSolution
		Debug|Any CPU = Debug|Any CPU
		Release|Any CPU = Release|Any CPU
	EndGlobalSection
	GlobalSection(ProjectConfigurationPlatforms) = postSolution
		{2572D517-6108-4568-9918-3FCD986C9477}.Debug|Any CPU.ActiveCfg = Debug|Any CPU
		{2572D517-6108-4568-9918-3FCD986C9477}.Debug|Any CPU.Build.0 = Debug|Any CPU
		{2572D517-6108-4568-9918-3FCD986C9477}.Release|Any CPU.ActiveCfg = Release|Any CPU
		{2572D517-6108-4568-9918-3FCD986C9477}.Release|Any CPU.Build.0 = Release|Any CPU
	EndGlobalSection
	GlobalSection(SolutionProperties) = preSolution
		HideSolutionNode = FALSE
	EndGlobalSection
	GlobalSection(ExtensibilityGlobals) = postSolution
		SolutionGuid = {AB9F6532-A1B6-4BBA-AE51-59A6E98464E4}
	EndGlobalSection
EndGlobal
